PODS:
  - CGRPCZlib (1.0.0-alpha.12)
  - CNIOAtomics (2.15.0)
  - CNIOBoringSSL (2.7.1)
  - CNIOBoringSSLShims (2.7.1):
    - CNIOBoringSSL (= 2.7.1)
  - CNIODarwin (2.15.0)
  - CNIOHTTPParser (2.15.0)
  - CNIOLinux (2.15.0)
  - CNIOSHA1 (2.15.0)
  - Firebase/Core (6.26.0):
    - Firebase/CoreOnly
    - FirebaseAnalytics (= 6.6.0)
  - Firebase/CoreOnly (6.26.0):
    - FirebaseCore (= 6.7.2)
  - Firebase/Messaging (6.26.0):
    - Firebase/CoreOnly
    - FirebaseMessaging (~> 4.4.1)
  - FirebaseAnalytics (6.6.0):
    - FirebaseCore (~> 6.7)
    - FirebaseInstallations (~> 1.3)
    - GoogleAppMeasurement (= 6.6.0)
    - GoogleUtilities/AppDelegateSwizzler (~> 6.0)
    - GoogleUtilities/MethodSwizzler (~> 6.0)
    - GoogleUtilities/Network (~> 6.0)
    - "GoogleUtilities/NSData+zlib (~> 6.0)"
    - nanopb (~> 1.30905.0)
  - FirebaseAnalyticsInterop (1.5.0)
  - FirebaseCore (6.7.2):
    - FirebaseCoreDiagnostics (~> 1.3)
    - FirebaseCoreDiagnosticsInterop (~> 1.2)
    - GoogleUtilities/Environment (~> 6.5)
    - GoogleUtilities/Logger (~> 6.5)
  - FirebaseCoreDiagnostics (1.3.0):
    - FirebaseCoreDiagnosticsInterop (~> 1.2)
    - GoogleDataTransportCCTSupport (~> 3.1)
    - GoogleUtilities/Environment (~> 6.5)
    - GoogleUtilities/Logger (~> 6.5)
    - nanopb (~> 1.30905.0)
  - FirebaseCoreDiagnosticsInterop (1.2.0)
  - FirebaseInstallations (1.3.0):
    - FirebaseCore (~> 6.6)
    - GoogleUtilities/Environment (~> 6.6)
    - GoogleUtilities/UserDefaults (~> 6.6)
    - PromisesObjC (~> 1.2)
  - FirebaseInstanceID (4.3.4):
    - FirebaseCore (~> 6.6)
    - FirebaseInstallations (~> 1.0)
    - GoogleUtilities/Environment (~> 6.5)
    - GoogleUtilities/UserDefaults (~> 6.5)
  - FirebaseMessaging (4.4.1):
    - FirebaseAnalyticsInterop (~> 1.5)
    - FirebaseCore (~> 6.6)
    - FirebaseInstanceID (~> 4.3)
    - GoogleUtilities/AppDelegateSwizzler (~> 6.5)
    - GoogleUtilities/Environment (~> 6.5)
    - GoogleUtilities/Reachability (~> 6.5)
    - GoogleUtilities/UserDefaults (~> 6.5)
    - Protobuf (>= 3.9.2, ~> 3.9)
  - GoogleAppMeasurement (6.6.0):
    - GoogleUtilities/AppDelegateSwizzler (~> 6.0)
    - GoogleUtilities/MethodSwizzler (~> 6.0)
    - GoogleUtilities/Network (~> 6.0)
    - "GoogleUtilities/NSData+zlib (~> 6.0)"
    - nanopb (~> 1.30905.0)
  - GoogleDataTransport (6.2.1)
  - GoogleDataTransportCCTSupport (3.1.0):
    - GoogleDataTransport (~> 6.1)
    - nanopb (~> 1.30905.0)
  - GoogleUtilities/AppDelegateSwizzler (6.6.0):
    - GoogleUtilities/Environment
    - GoogleUtilities/Logger
    - GoogleUtilities/Network
  - GoogleUtilities/Environment (6.6.0):
    - PromisesObjC (~> 1.2)
  - GoogleUtilities/Logger (6.6.0):
    - GoogleUtilities/Environment
  - GoogleUtilities/MethodSwizzler (6.6.0):
    - GoogleUtilities/Logger
  - GoogleUtilities/Network (6.6.0):
    - GoogleUtilities/Logger
    - "GoogleUtilities/NSData+zlib"
    - GoogleUtilities/Reachability
  - "GoogleUtilities/NSData+zlib (6.6.0)"
  - GoogleUtilities/Reachability (6.6.0):
    - GoogleUtilities/Logger
  - GoogleUtilities/UserDefaults (6.6.0):
    - GoogleUtilities/Logger
  - gRPC-Swift (1.0.0-alpha.12):
    - CGRPCZlib (= 1.0.0-alpha.12)
    - Logging (= 1.2.0)
    - SwiftNIO (= 2.15.0)
    - SwiftNIOHTTP2 (= 1.11.0)
    - SwiftNIOSSL (= 2.7.1)
    - SwiftNIOTransportServices (= 1.3.0)
    - SwiftProtobuf (= 1.8.0)
  - Logging (1.2.0)
  - nanopb (1.30905.0):
    - nanopb/decode (= 1.30905.0)
    - nanopb/encode (= 1.30905.0)
  - nanopb/decode (1.30905.0)
  - nanopb/encode (1.30905.0)
  - Nuke (9.1.0)
  - PromisesObjC (1.2.8)
  - Protobuf (3.12.0)
  - Swift_PageMenu (1.4.2)
  - SwiftNIO (2.15.0):
    - CNIOAtomics (= 2.15.0)
    - CNIODarwin (= 2.15.0)
    - CNIOLinux (= 2.15.0)
    - CNIOSHA1 (= 2.15.0)
    - SwiftNIOConcurrencyHelpers (= 2.15.0)
  - SwiftNIOConcurrencyHelpers (2.15.0):
    - CNIOAtomics (= 2.15.0)
  - SwiftNIOFoundationCompat (2.15.0):
    - SwiftNIO (= 2.15.0)
  - SwiftNIOHPACK (1.11.0):
    - SwiftNIO (= 2.15.0)
    - SwiftNIOConcurrencyHelpers (= 2.15.0)
    - SwiftNIOHTTP1 (= 2.15.0)
  - SwiftNIOHTTP1 (2.15.0):
    - CNIOHTTPParser (= 2.15.0)
    - SwiftNIO (= 2.15.0)
    - SwiftNIOConcurrencyHelpers (= 2.15.0)
  - SwiftNIOHTTP2 (1.11.0):
    - SwiftNIO (= 2.15.0)
    - SwiftNIOConcurrencyHelpers (= 2.15.0)
    - SwiftNIOHPACK (= 1.11.0)
    - SwiftNIOHTTP1 (= 2.15.0)
    - SwiftNIOTLS (= 2.15.0)
  - SwiftNIOSSL (2.7.1):
    - CNIOBoringSSL (= 2.7.1)
    - CNIOBoringSSLShims (= 2.7.1)
    - SwiftNIO (= 2.15.0)
    - SwiftNIOConcurrencyHelpers (= 2.15.0)
    - SwiftNIOTLS (= 2.15.0)
  - SwiftNIOTLS (2.15.0):
    - SwiftNIO (= 2.15.0)
  - SwiftNIOTransportServices (1.3.0):
    - SwiftNIO (~> 2.0)
    - SwiftNIOConcurrencyHelpers (~> 2.0)
    - SwiftNIOFoundationCompat (~> 2.0)
    - SwiftNIOTLS (~> 2.0)
  - SwiftProtobuf (1.8.0)

DEPENDENCIES:
  - Firebase/Core
  - Firebase/Messaging
  - gRPC-Swift (= 1.0.0-alpha.12)
  - Nuke
  - Swift_PageMenu

SPEC REPOS:
  trunk:
    - CGRPCZlib
    - CNIOAtomics
    - CNIOBoringSSL
    - CNIOBoringSSLShims
    - CNIODarwin
    - CNIOHTTPParser
    - CNIOLinux
    - CNIOSHA1
    - Firebase
    - FirebaseAnalytics
    - FirebaseAnalyticsInterop
    - FirebaseCore
    - FirebaseCoreDiagnostics
    - FirebaseCoreDiagnosticsInterop
    - FirebaseInstallations
    - FirebaseInstanceID
    - FirebaseMessaging
    - GoogleAppMeasurement
    - GoogleDataTransport
    - GoogleDataTransportCCTSupport
    - GoogleUtilities
    - gRPC-Swift
    - Logging
    - nanopb
    - Nuke
    - PromisesObjC
    - Protobuf
    - Swift_PageMenu
    - SwiftNIO
    - SwiftNIOConcurrencyHelpers
    - SwiftNIOFoundationCompat
    - SwiftNIOHPACK
    - SwiftNIOHTTP1
    - SwiftNIOHTTP2
    - SwiftNIOSSL
    - SwiftNIOTLS
    - SwiftNIOTransportServices
    - SwiftProtobuf

SPEC CHECKSUMS:
  CGRPCZlib: a53e43fb0567e720e753dd172911b96baa3910d7
  CNIOAtomics: ba49b1c86f281e1ecfd84c9205fbc27a81826847
  CNIOBoringSSL: e4766830ab6d7c7fcd3618331f05fcb11638314d
  CNIOBoringSSLShims: c3f3c6f05b7ce9b576521328a5b1b566d8f4665b
  CNIODarwin: 2e341dd283fa3972706568b12925366145a8e2cd
  CNIOHTTPParser: 25e1d1bc84c0612cbbbd6baedc4be05d77a17e01
  CNIOLinux: 61598a8e49510207acb74c87f8fc11f762f76b5a
  CNIOSHA1: 7b1dcceef9682aef4c6578b9fc67f87a03f0c48e
  Firebase: 7cf5f9c67f03cb3b606d1d6535286e1080e57eb6
  FirebaseAnalytics: 96634d356482d4f3af8fe459a0ebf19a99c71b75
  FirebaseAnalyticsInterop: 3f86269c38ae41f47afeb43ebf32a001f58fcdae
  FirebaseCore: f42e5e5f382cdcf6b617ed737bf6c871a6947b17
  FirebaseCoreDiagnostics: 4a773a47bd83bbd5a9b1ccf1ce7caa8b2d535e67
  FirebaseCoreDiagnosticsInterop: 296e2c5f5314500a850ad0b83e9e7c10b011a850
  FirebaseInstallations: 6f5f680e65dc374397a483c32d1799ba822a395b
  FirebaseInstanceID: cef67c4967c7cecb56ea65d8acbb4834825c587b
  FirebaseMessaging: 29543feb343b09546ab3aa04d008ee8595b43c44
  GoogleAppMeasurement: 67458367830514fb20fd9e233496f1eef9d90185
  GoogleDataTransport: 9a8a16f79feffc7f42096743de2a7c4815e84020
  GoogleDataTransportCCTSupport: d70a561f7d236af529fee598835caad5e25f6d3d
  GoogleUtilities: 39530bc0ad980530298e9c4af8549e991fd033b1
  gRPC-Swift: d4432e8659f1d075b9d07963c18e6791c8b159c3
  Logging: 7838d379d234d7e5ae1265fa02804a9084caf04c
  nanopb: c43f40fadfe79e8b8db116583945847910cbabc9
  Nuke: c97bf6006d31687cfa7c28507305143de27a4aa1
  PromisesObjC: c119f3cd559f50b7ae681fa59dc1acd19173b7e6
  Protobuf: 2793fcd0622a00b546c60e7cbbcc493e043e9bb9
  Swift_PageMenu: 6cc3e92540729606bd66c9b35a0886ed6c8ed899
  SwiftNIO: c9889dcd8aed2655af9163b42fc11ebd4ce94252
  SwiftNIOConcurrencyHelpers: 2357037a16e9c51880c01b896a5ac3cd41066044
  SwiftNIOFoundationCompat: f09ee499a8a9c636ec9007f73c5a1cedc23dcad3
  SwiftNIOHPACK: 906596511ff9d1e095b7a72a0011351591bcae03
  SwiftNIOHTTP1: b05f4061ba18482006a264a5aa087bbcd35d153c
  SwiftNIOHTTP2: 3a52499594c6ec073af2a2801cf3c5d3d1c8700f
  SwiftNIOSSL: 7c82b8393a6b69a3ef9b12fe74240e92c2bd7add
  SwiftNIOTLS: 51580e51240d1a4d51efb2d317e92cf243181042
  SwiftNIOTransportServices: 26d40c589fc8fe667af51b06ef0aa49fbc9ae7f2
  SwiftProtobuf: 2cbd9409689b7df170d82a92a33443c8e3e14a70

PODFILE CHECKSUM: f2186f7d4d5dfbd073044c226ee5ee7c1a19c566

COCOAPODS: 1.9.3
